
Microsoft Visual Studio Solution File, Format Version 12.00
# Visual Studio Version 17
VisualStudioVersion = 17.1.32210.238
MinimumVisualStudioVersion = 10.0.40219.1
Project("{FAE04EC0-301F-11D3-BF4B-00C04F79EFBC}") = "Tasks", "Tasks\Tasks.csproj", "{CBF0F7B7-D588-4696-B6E1-F05D15A85FC9}"
EndProject
Global
	GlobalSection(SolutionConfigurationPlatforms) = preSolution
		Debug|Any CPU = Debug|Any CPU
		Release|Any CPU = Release|Any CPU
	EndGlobalSection
	GlobalSection(ProjectConfigurationPlatforms) = postSolution
		{CBF0F7B7-D588-4696-B6E1-F05D15A85FC9}.Debug|Any CPU.ActiveCfg = Debug|Any CPU
		{CBF0F7B7-D588-4696-B6E1-F05D15A85FC9}.Debug|Any CPU.Build.0 = Debug|Any CPU
		{CBF0F7B7-D588-4696-B6E1-F05D15A85FC9}.Release|Any CPU.ActiveCfg = Release|Any CPU
		{CBF0F7B7-D588-4696-B6E1-F05D15A85FC9}.Release|Any CPU.Build.0 = Release|Any CPU
	EndGlobalSection
	GlobalSection(SolutionProperties) = preSolution
		HideSolutionNode = FALSE
	EndGlobalSection
	GlobalSection(ExtensibilityGlobals) = postSolution
		SolutionGuid = {AEE488CA-1FC8-4FC6-AAB3-97A6B6FB6C4C}
	EndGlobalSection
EndGlobal
